// !$*UTF8*$!
{
	archiveVersion = 1;
	classes = {
	};
	objectVersion = 77;
	objects = {

/* Begin PBXBuildFile section */
		EA21CE102CF0F56500AC1B78 /* YouTubePlayerKit in Frameworks */ = {isa = PBXBuildFile; productRef = EA21CE0F2CF0F56500AC1B78 /* YouTubePlayerKit */; };
		EA35E9612CEABA2000463B11 /* FirebaseAuth in Frameworks */ = {isa = PBXBuildFile; productRef = EA35E9602CEABA2000463B11 /* FirebaseAuth */; };
		EA35E9632CEABA2000463B11 /* FirebaseFirestore in Frameworks */ = {isa = PBXBuildFile; productRef = EA35E9622CEABA2000463B11 /* FirebaseFirestore */; };
		EA67F5F12CF131ED00590ED2 /* FirebaseRemoteConfig in Frameworks */ = {isa = PBXBuildFile; productRef = EA67F5F02CF131ED00590ED2 /* FirebaseRemoteConfig */; };
/* End PBXBuildFile section */

/* Begin PBXContainerItemProxy section */
		EA3CC6472CE9369500105BBB /* PBXContainerItemProxy */ = {
			isa = PBXContainerItemProxy;
			containerPortal = EA3CC62E2CE9369300105BBB /* Project object */;
			proxyType = 1;
			remoteGlobalIDString = EA3CC6352CE9369300105BBB;
			remoteInfo = RTSDA;
		};
		EA3CC6512CE9369500105BBB /* PBXContainerItemProxy */ = {
			isa = PBXContainerItemProxy;
			containerPortal = EA3CC62E2CE9369300105BBB /* Project object */;
			proxyType = 1;
			remoteGlobalIDString = EA3CC6352CE9369300105BBB;
			remoteInfo = RTSDA;
		};
/* End PBXContainerItemProxy section */

/* Begin PBXFileReference section */
		EA21CDC22CF0F53800AC1B78 /* RTSDA.xcodeproj */ = {isa = PBXFileReference; lastKnownFileType = "wrapper.pb-project"; path = RTSDA.xcodeproj; sourceTree = "<group>"; };
		EA3CC6362CE9369300105BBB /* RTSDA.app */ = {isa = PBXFileReference; explicitFileType = wrapper.application; includeInIndex = 0; path = RTSDA.app; sourceTree = BUILT_PRODUCTS_DIR; };
		EA3CC6462CE9369500105BBB /* RTSDATests.xctest */ = {isa = PBXFileReference; explicitFileType = wrapper.cfbundle; includeInIndex = 0; path = RTSDATests.xctest; sourceTree = BUILT_PRODUCTS_DIR; };
		EA3CC6502CE9369500105BBB /* RTSDAUITests.xctest */ = {isa = PBXFileReference; explicitFileType = wrapper.cfbundle; includeInIndex = 0; path = RTSDAUITests.xctest; sourceTree = BUILT_PRODUCTS_DIR; };
		EA67F5A12CF0F64300590ED2 /* RTSDA.xcodeproj */ = {isa = PBXFileReference; lastKnownFileType = "wrapper.pb-project"; path = RTSDA.xcodeproj; sourceTree = "<group>"; };
/* End PBXFileReference section */

/* Begin PBXFileSystemSynchronizedBuildFileExceptionSet section */
		EA3CC6B12CE93BA100105BBB /* Exceptions for "RTSDA" folder in "RTSDA" target */ = {
			isa = PBXFileSystemSynchronizedBuildFileExceptionSet;
			membershipExceptions = (
				Info.plist,
			);
			target = EA3CC6352CE9369300105BBB /* RTSDA */;
		};
/* End PBXFileSystemSynchronizedBuildFileExceptionSet section */

/* Begin PBXFileSystemSynchronizedRootGroup section */
		EA3CC6382CE9369300105BBB /* RTSDA */ = {
			isa = PBXFileSystemSynchronizedRootGroup;
			exceptions = (
				EA3CC6B12CE93BA100105BBB /* Exceptions for "RTSDA" folder in "RTSDA" target */,
			);
			path = RTSDA;
			sourceTree = "<group>";
		};
		EA3CC6492CE9369500105BBB /* RTSDATests */ = {
			isa = PBXFileSystemSynchronizedRootGroup;
			path = RTSDATests;
			sourceTree = "<group>";
		};
		EA3CC6532CE9369500105BBB /* RTSDAUITests */ = {
			isa = PBXFileSystemSynchronizedRootGroup;
			path = RTSDAUITests;
			sourceTree = "<group>";
		};
/* End PBXFileSystemSynchronizedRootGroup section */

/* Begin PBXFrameworksBuildPhase section */
		EA3CC6332CE9369300105BBB /* Frameworks */ = {
			isa = PBXFrameworksBuildPhase;
			buildActionMask = 2147483647;
			files = (
				EA35E9612CEABA2000463B11 /* FirebaseAuth in Frameworks */,
				EA35E9632CEABA2000463B11 /* FirebaseFirestore in Frameworks */,
				EA21CE102CF0F56500AC1B78 /* YouTubePlayerKit in Frameworks */,
				EA67F5F12CF131ED00590ED2 /* FirebaseRemoteConfig in Frameworks */,
			);
			runOnlyForDeploymentPostprocessing = 0;
		};
		EA3CC6432CE9369500105BBB /* Frameworks */ = {
			isa = PBXFrameworksBuildPhase;
			buildActionMask = 2147483647;
			files = (
			);
			runOnlyForDeploymentPostprocessing = 0;
		};
		EA3CC64D2CE9369500105BBB /* Frameworks */ = {
			isa = PBXFrameworksBuildPhase;
			buildActionMask = 2147483647;
			files = (
			);
			runOnlyForDeploymentPostprocessing = 0;
		};
/* End PBXFrameworksBuildPhase section */

/* Begin PBXGroup section */
		EA21CDC32CF0F53800AC1B78 /* Products */ = {
			isa = PBXGroup;
			name = Products;
			sourceTree = "<group>";
		};
		EA3CC62D2CE9369300105BBB = {
			isa = PBXGroup;
			children = (
				EA3CC6382CE9369300105BBB /* RTSDA */,
				EA3CC6492CE9369500105BBB /* RTSDATests */,
				EA3CC6532CE9369500105BBB /* RTSDAUITests */,
				EA3CC6372CE9369300105BBB /* Products */,
			);
			sourceTree = "<group>";
		};
		EA3CC6372CE9369300105BBB /* Products */ = {
			isa = PBXGroup;
			children = (
				EA3CC6362CE9369300105BBB /* RTSDA.app */,
				EA3CC6462CE9369500105BBB /* RTSDATests.xctest */,
				EA3CC6502CE9369500105BBB /* RTSDAUITests.xctest */,
			);
			name = Products;
			sourceTree = "<group>";
		};
		EA67F5A22CF0F64300590ED2 /* Products */ = {
			isa = PBXGroup;
			name = Products;
			sourceTree = "<group>";
		};
/* End PBXGroup section */

/* Begin PBXNativeTarget section */
		EA3CC6352CE9369300105BBB /* RTSDA */ = {
			isa = PBXNativeTarget;
			buildConfigurationList = EA3CC65A2CE9369500105BBB /* Build configuration list for PBXNativeTarget "RTSDA" */;
			buildPhases = (
				EA3CC6322CE9369300105BBB /* Sources */,
				EA3CC6332CE9369300105BBB /* Frameworks */,
				EA3CC6342CE9369300105BBB /* Resources */,
			);
			buildRules = (
			);
			dependencies = (
			);
			fileSystemSynchronizedGroups = (
				EA3CC6382CE9369300105BBB /* RTSDA */,
			);
			name = RTSDA;
			packageProductDependencies = (
				EA35E9602CEABA2000463B11 /* FirebaseAuth */,
				EA35E9622CEABA2000463B11 /* FirebaseFirestore */,
				EA21CE0F2CF0F56500AC1B78 /* YouTubePlayerKit */,
				EA67F5F02CF131ED00590ED2 /* FirebaseRemoteConfig */,
			);
			productName = RTSDA;
			productReference = EA3CC6362CE9369300105BBB /* RTSDA.app */;
			productType = "com.apple.product-type.application";
		};
		EA3CC6452CE9369500105BBB /* RTSDATests */ = {
			isa = PBXNativeTarget;
			buildConfigurationList = EA3CC65D2CE9369500105BBB /* Build configuration list for PBXNativeTarget "RTSDATests" */;
			buildPhases = (
				EA3CC6422CE9369500105BBB /* Sources */,
				EA3CC6432CE9369500105BBB /* Frameworks */,
				EA3CC6442CE9369500105BBB /* Resources */,
			);
			buildRules = (
			);
			dependencies = (
				EA3CC6482CE9369500105BBB /* PBXTargetDependency */,
			);
			fileSystemSynchronizedGroups = (
				EA3CC6492CE9369500105BBB /* RTSDATests */,
			);
			name = RTSDATests;
			packageProductDependencies = (
			);
			productName = RTSDATests;
			productReference = EA3CC6462CE9369500105BBB /* RTSDATests.xctest */;
			productType = "com.apple.product-type.bundle.unit-test";
		};
		EA3CC64F2CE9369500105BBB /* RTSDAUITests */ = {
			isa = PBXNativeTarget;
			buildConfigurationList = EA3CC6602CE9369500105BBB /* Build configuration list for PBXNativeTarget "RTSDAUITests" */;
			buildPhases = (
				EA3CC64C2CE9369500105BBB /* Sources */,
				EA3CC64D2CE9369500105BBB /* Frameworks */,
				EA3CC64E2CE9369500105BBB /* Resources */,
			);
			buildRules = (
			);
			dependencies = (
				EA3CC6522CE9369500105BBB /* PBXTargetDependency */,
			);
			fileSystemSynchronizedGroups = (
				EA3CC6532CE9369500105BBB /* RTSDAUITests */,
			);
			name = RTSDAUITests;
			packageProductDependencies = (
			);
			productName = RTSDAUITests;
			productReference = EA3CC6502CE9369500105BBB /* RTSDAUITests.xctest */;
			productType = "com.apple.product-type.bundle.ui-testing";
		};
/* End PBXNativeTarget section */

/* Begin PBXProject section */
		EA3CC62E2CE9369300105BBB /* Project object */ = {
			isa = PBXProject;
			attributes = {
				BuildIndependentTargetsInParallel = 1;
				LastSwiftUpdateCheck = 1610;
				LastUpgradeCheck = 1610;
				TargetAttributes = {
					EA3CC6352CE9369300105BBB = {
						CreatedOnToolsVersion = 16.1;
					};
					EA3CC6452CE9369500105BBB = {
						CreatedOnToolsVersion = 16.1;
						TestTargetID = EA3CC6352CE9369300105BBB;
					};
					EA3CC64F2CE9369500105BBB = {
						CreatedOnToolsVersion = 16.1;
						TestTargetID = EA3CC6352CE9369300105BBB;
					};
				};
			};
			buildConfigurationList = EA3CC6312CE9369300105BBB /* Build configuration list for PBXProject "RTSDA" */;
			developmentRegion = en;
			hasScannedForEncodings = 0;
			knownRegions = (
				en,
				Base,
			);
			mainGroup = EA3CC62D2CE9369300105BBB;
			minimizedProjectReferenceProxies = 1;
			packageReferences = (
				EA35E95F2CEABA2000463B11 /* XCRemoteSwiftPackageReference "firebase-ios-sdk" */,
				EA21CE0E2CF0F56500AC1B78 /* XCRemoteSwiftPackageReference "YouTubePlayerKit" */,
			);
			preferredProjectObjectVersion = 77;
			productRefGroup = EA3CC6372CE9369300105BBB /* Products */;
			projectDirPath = "";
			projectReferences = (
				{
					ProductGroup = EA67F5A22CF0F64300590ED2 /* Products */;
					ProjectRef = EA67F5A12CF0F64300590ED2 /* RTSDA.xcodeproj */;
				},
				{
					ProductGroup = EA21CDC32CF0F53800AC1B78 /* Products */;
					ProjectRef = EA21CDC22CF0F53800AC1B78 /* RTSDA.xcodeproj */;
				},
			);
			projectRoot = "";
			targets = (
				EA3CC6352CE9369300105BBB /* RTSDA */,
				EA3CC6452CE9369500105BBB /* RTSDATests */,
				EA3CC64F2CE9369500105BBB /* RTSDAUITests */,
			);
		};
/* End PBXProject section */

/* Begin PBXResourcesBuildPhase section */
		EA3CC6342CE9369300105BBB /* Resources */ = {
			isa = PBXResourcesBuildPhase;
			buildActionMask = 2147483647;
			files = (
			);
			runOnlyForDeploymentPostprocessing = 0;
		};
		EA3CC6442CE9369500105BBB /* Resources */ = {
			isa = PBXResourcesBuildPhase;
			buildActionMask = 2147483647;
			files = (
			);
			runOnlyForDeploymentPostprocessing = 0;
		};
		EA3CC64E2CE9369500105BBB /* Resources */ = {
			isa = PBXResourcesBuildPhase;
			buildActionMask = 2147483647;
			files = (
			);
			runOnlyForDeploymentPostprocessing = 0;
		};
/* End PBXResourcesBuildPhase section */

/* Begin PBXSourcesBuildPhase section */
		EA3CC6322CE9369300105BBB /* Sources */ = {
			isa = PBXSourcesBuildPhase;
			buildActionMask = 2147483647;
			files = (
			);
			runOnlyForDeploymentPostprocessing = 0;
		};
		EA3CC6422CE9369500105BBB /* Sources */ = {
			isa = PBXSourcesBuildPhase;
			buildActionMask = 2147483647;
			files = (
			);
			runOnlyForDeploymentPostprocessing = 0;
		};
		EA3CC64C2CE9369500105BBB /* Sources */ = {
			isa = PBXSourcesBuildPhase;
			buildActionMask = 2147483647;
			files = (
			);
			runOnlyForDeploymentPostprocessing = 0;
		};
/* End PBXSourcesBuildPhase section */

/* Begin PBXTargetDependency section */
		EA3CC6482CE9369500105BBB /* PBXTargetDependency */ = {
			isa = PBXTargetDependency;
			target = EA3CC6352CE9369300105BBB /* RTSDA */;
			targetProxy = EA3CC6472CE9369500105BBB /* PBXContainerItemProxy */;
		};
		EA3CC6522CE9369500105BBB /* PBXTargetDependency */ = {
			isa = PBXTargetDependency;
			target = EA3CC6352CE9369300105BBB /* RTSDA */;
			targetProxy = EA3CC6512CE9369500105BBB /* PBXContainerItemProxy */;
		};
/* End PBXTargetDependency section */

/* Begin XCBuildConfiguration section */
		EA3CC6582CE9369500105BBB /* Debug */ = {
			isa = XCBuildConfiguration;
			buildSettings = {
				ALWAYS_SEARCH_USER_PATHS = NO;
				ASSETCATALOG_COMPILER_GENERATE_SWIFT_ASSET_SYMBOL_EXTENSIONS = YES;
				CLANG_ANALYZER_NONNULL = YES;
				CLANG_ANALYZER_NUMBER_OBJECT_CONVERSION = YES_AGGRESSIVE;
				CLANG_CXX_LANGUAGE_STANDARD = "gnu++20";
				CLANG_ENABLE_MODULES = YES;
				CLANG_ENABLE_OBJC_ARC = YES;
				CLANG_ENABLE_OBJC_WEAK = YES;
				CLANG_WARN_BLOCK_CAPTURE_AUTORELEASING = YES;
				CLANG_WARN_BOOL_CONVERSION = YES;
				CLANG_WARN_COMMA = YES;
				CLANG_WARN_CONSTANT_CONVERSION = YES;
				CLANG_WARN_DEPRECATED_OBJC_IMPLEMENTATIONS = YES;
				CLANG_WARN_DIRECT_OBJC_ISA_USAGE = YES_ERROR;
				CLANG_WARN_DOCUMENTATION_COMMENTS = YES;
				CLANG_WARN_EMPTY_BODY = YES;
				CLANG_WARN_ENUM_CONVERSION = YES;
				CLANG_WARN_INFINITE_RECURSION = YES;
				CLANG_WARN_INT_CONVERSION = YES;
				CLANG_WARN_NON_LITERAL_NULL_CONVERSION = YES;
				CLANG_WARN_OBJC_IMPLICIT_RETAIN_SELF = YES;
				CLANG_WARN_OBJC_LITERAL_CONVERSION = YES;
				CLANG_WARN_OBJC_ROOT_CLASS = YES_ERROR;
				CLANG_WARN_QUOTED_INCLUDE_IN_FRAMEWORK_HEADER = YES;
				CLANG_WARN_RANGE_LOOP_ANALYSIS = YES;
				CLANG_WARN_STRICT_PROTOTYPES = YES;
				CLANG_WARN_SUSPICIOUS_MOVE = YES;
				CLANG_WARN_UNGUARDED_AVAILABILITY = YES_AGGRESSIVE;
				CLANG_WARN_UNREACHABLE_CODE = YES;
				CLANG_WARN__DUPLICATE_METHOD_MATCH = YES;
				COPY_PHASE_STRIP = NO;
				DEBUG_INFORMATION_FORMAT = dwarf;
				ENABLE_STRICT_OBJC_MSGSEND = YES;
				ENABLE_TESTABILITY = YES;
				ENABLE_USER_SCRIPT_SANDBOXING = YES;
				GCC_C_LANGUAGE_STANDARD = gnu17;
				GCC_DYNAMIC_NO_PIC = NO;
				GCC_NO_COMMON_BLOCKS = YES;
				GCC_OPTIMIZATION_LEVEL = 0;
				GCC_PREPROCESSOR_DEFINITIONS = (
					"DEBUG=1",
					"$(inherited)",
				);
				GCC_WARN_64_TO_32_BIT_CONVERSION = YES;
				GCC_WARN_ABOUT_RETURN_TYPE = YES_ERROR;
				GCC_WARN_UNDECLARED_SELECTOR = YES;
				GCC_WARN_UNINITIALIZED_AUTOS = YES_AGGRESSIVE;
				GCC_WARN_UNUSED_FUNCTION = YES;
				GCC_WARN_UNUSED_VARIABLE = YES;
				IPHONEOS_DEPLOYMENT_TARGET = 18.1;
				LOCALIZATION_PREFERS_STRING_CATALOGS = YES;
				MTL_ENABLE_DEBUG_INFO = INCLUDE_SOURCE;
				MTL_FAST_MATH = YES;
				ONLY_ACTIVE_ARCH = YES;
				SDKROOT = iphoneos;
				SWIFT_ACTIVE_COMPILATION_CONDITIONS = "DEBUG $(inherited)";
				SWIFT_OPTIMIZATION_LEVEL = "-Onone";
			};
			name = Debug;
		};
		EA3CC6592CE9369500105BBB /* Release */ = {
			isa = XCBuildConfiguration;
			buildSettings = {
				ALWAYS_SEARCH_USER_PATHS = NO;
				ASSETCATALOG_COMPILER_GENERATE_SWIFT_ASSET_SYMBOL_EXTENSIONS = YES;
				CLANG_ANALYZER_NONNULL = YES;
				CLANG_ANALYZER_NUMBER_OBJECT_CONVERSION = YES_AGGRESSIVE;
				CLANG_CXX_LANGUAGE_STANDARD = "gnu++20";
				CLANG_ENABLE_MODULES = YES;
				CLANG_ENABLE_OBJC_ARC = YES;
				CLANG_ENABLE_OBJC_WEAK = YES;
				CLANG_WARN_BLOCK_CAPTURE_AUTORELEASING = YES;
				CLANG_WARN_BOOL_CONVERSION = YES;
				CLANG_WARN_COMMA = YES;
				CLANG_WARN_CONSTANT_CONVERSION = YES;
				CLANG_WARN_DEPRECATED_OBJC_IMPLEMENTATIONS = YES;
				CLANG_WARN_DIRECT_OBJC_ISA_USAGE = YES_ERROR;
				CLANG_WARN_DOCUMENTATION_COMMENTS = YES;
				CLANG_WARN_EMPTY_BODY = YES;
				CLANG_WARN_ENUM_CONVERSION = YES;
				CLANG_WARN_INFINITE_RECURSION = YES;
				CLANG_WARN_INT_CONVERSION = YES;
				CLANG_WARN_NON_LITERAL_NULL_CONVERSION = YES;
				CLANG_WARN_OBJC_IMPLICIT_RETAIN_SELF = YES;
				CLANG_WARN_OBJC_LITERAL_CONVERSION = YES;
				CLANG_WARN_OBJC_ROOT_CLASS = YES_ERROR;
				CLANG_WARN_QUOTED_INCLUDE_IN_FRAMEWORK_HEADER = YES;
				CLANG_WARN_RANGE_LOOP_ANALYSIS = YES;
				CLANG_WARN_STRICT_PROTOTYPES = YES;
				CLANG_WARN_SUSPICIOUS_MOVE = YES;
				CLANG_WARN_UNGUARDED_AVAILABILITY = YES_AGGRESSIVE;
				CLANG_WARN_UNREACHABLE_CODE = YES;
				CLANG_WARN__DUPLICATE_METHOD_MATCH = YES;
				COPY_PHASE_STRIP = NO;
				DEBUG_INFORMATION_FORMAT = "dwarf-with-dsym";
				ENABLE_NS_ASSERTIONS = NO;
				ENABLE_STRICT_OBJC_MSGSEND = YES;
				ENABLE_USER_SCRIPT_SANDBOXING = YES;
				GCC_C_LANGUAGE_STANDARD = gnu17;
				GCC_NO_COMMON_BLOCKS = YES;
				GCC_WARN_64_TO_32_BIT_CONVERSION = YES;
				GCC_WARN_ABOUT_RETURN_TYPE = YES_ERROR;
				GCC_WARN_UNDECLARED_SELECTOR = YES;
				GCC_WARN_UNINITIALIZED_AUTOS = YES_AGGRESSIVE;
				GCC_WARN_UNUSED_FUNCTION = YES;
				GCC_WARN_UNUSED_VARIABLE = YES;
				IPHONEOS_DEPLOYMENT_TARGET = 18.1;
				LOCALIZATION_PREFERS_STRING_CATALOGS = YES;
				MTL_ENABLE_DEBUG_INFO = NO;
				MTL_FAST_MATH = YES;
				SDKROOT = iphoneos;
				SWIFT_COMPILATION_MODE = wholemodule;
				VALIDATE_PRODUCT = YES;
			};
			name = Release;
		};
		EA3CC65B2CE9369500105BBB /* Debug */ = {
			isa = XCBuildConfiguration;
			buildSettings = {
				ASSETCATALOG_COMPILER_APPICON_NAME = AppIcon;
				ASSETCATALOG_COMPILER_GLOBAL_ACCENT_COLOR_NAME = AccentColor;
				CODE_SIGN_STYLE = Automatic;
				CURRENT_PROJECT_VERSION = 1;
				DEVELOPMENT_ASSET_PATHS = "\"RTSDA/Preview Content\"";
				DEVELOPMENT_TEAM = TQMND62F2W;
				ENABLE_PREVIEWS = YES;
				GENERATE_INFOPLIST_FILE = YES;
				INFOPLIST_FILE = RTSDA/Info.plist;
				INFOPLIST_KEY_LSApplicationCategoryType = "";
				INFOPLIST_KEY_NSCalendarsUsageDescription = "We need access to your calendar to add church events.";
				INFOPLIST_KEY_NSLocationUsageDescription = "We Need Your Location to Provide Directions to Our Church";
				INFOPLIST_KEY_NSLocationWhenInUseUsageDescription = "We Need Your Location in Order to Provide Directions to Our Church";
				INFOPLIST_KEY_UIApplicationSceneManifest_Generation = YES;
				INFOPLIST_KEY_UIApplicationSupportsIndirectInputEvents = YES;
				INFOPLIST_KEY_UILaunchScreen_Generation = YES;
				INFOPLIST_KEY_UISupportedInterfaceOrientations_iPad = "UIInterfaceOrientationPortrait UIInterfaceOrientationPortraitUpsideDown UIInterfaceOrientationLandscapeLeft UIInterfaceOrientationLandscapeRight";
				INFOPLIST_KEY_UISupportedInterfaceOrientations_iPhone = "UIInterfaceOrientationPortrait UIInterfaceOrientationLandscapeLeft UIInterfaceOrientationLandscapeRight";
				LD_RUNPATH_SEARCH_PATHS = (
					"$(inherited)",
					"@executable_path/Frameworks",
				);
				MARKETING_VERSION = 1.0;
				PRODUCT_BUNDLE_IDENTIFIER = com.rtsda.appr;
				PRODUCT_NAME = "$(TARGET_NAME)";
				SWIFT_EMIT_LOC_STRINGS = YES;
				SWIFT_VERSION = 5.0;
				TARGETED_DEVICE_FAMILY = "1,2";
			};
			name = Debug;
		};
		EA3CC65C2CE9369500105BBB /* Release */ = {
			isa = XCBuildConfiguration;
			buildSettings = {
				ASSETCATALOG_COMPILER_APPICON_NAME = AppIcon;
				ASSETCATALOG_COMPILER_GLOBAL_ACCENT_COLOR_NAME = AccentColor;
				CODE_SIGN_STYLE = Automatic;
				CURRENT_PROJECT_VERSION = 1;
				DEVELOPMENT_ASSET_PATHS = "\"RTSDA/Preview Content\"";
				DEVELOPMENT_TEAM = TQMND62F2W;
				ENABLE_PREVIEWS = YES;
				GENERATE_INFOPLIST_FILE = YES;
				INFOPLIST_FILE = RTSDA/Info.plist;
				INFOPLIST_KEY_LSApplicationCategoryType = "";
				INFOPLIST_KEY_NSCalendarsUsageDescription = "We need access to your calendar to add church events.";
				INFOPLIST_KEY_NSLocationUsageDescription = "We Need Your Location to Provide Directions to Our Church";
				INFOPLIST_KEY_NSLocationWhenInUseUsageDescription = "We Need Your Location in Order to Provide Directions to Our Church";
				INFOPLIST_KEY_UIApplicationSceneManifest_Generation = YES;
				INFOPLIST_KEY_UIApplicationSupportsIndirectInputEvents = YES;
				INFOPLIST_KEY_UILaunchScreen_Generation = YES;
				INFOPLIST_KEY_UISupportedInterfaceOrientations_iPad = "UIInterfaceOrientationPortrait UIInterfaceOrientationPortraitUpsideDown UIInterfaceOrientationLandscapeLeft UIInterfaceOrientationLandscapeRight";
				INFOPLIST_KEY_UISupportedInterfaceOrientations_iPhone = "UIInterfaceOrientationPortrait UIInterfaceOrientationLandscapeLeft UIInterfaceOrientationLandscapeRight";
				LD_RUNPATH_SEARCH_PATHS = (
					"$(inherited)",
					"@executable_path/Frameworks",
				);
				MARKETING_VERSION = 1.0;
				PRODUCT_BUNDLE_IDENTIFIER = com.rtsda.appr;
				PRODUCT_NAME = "$(TARGET_NAME)";
				SWIFT_EMIT_LOC_STRINGS = YES;
				SWIFT_VERSION = 5.0;
				TARGETED_DEVICE_FAMILY = "1,2";
			};
			name = Release;
		};
		EA3CC65E2CE9369500105BBB /* Debug */ = {
			isa = XCBuildConfiguration;
			buildSettings = {
				BUNDLE_LOADER = "$(TEST_HOST)";
				CODE_SIGN_STYLE = Automatic;
				CURRENT_PROJECT_VERSION = 1;
				GENERATE_INFOPLIST_FILE = YES;
				IPHONEOS_DEPLOYMENT_TARGET = 18.1;
				MARKETING_VERSION = 1.0;
				PRODUCT_BUNDLE_IDENTIFIER = com.rockvilletollandsdachurch.RTSDATests;
				PRODUCT_NAME = "$(TARGET_NAME)";
				SWIFT_EMIT_LOC_STRINGS = NO;
				SWIFT_VERSION = 5.0;
				TARGETED_DEVICE_FAMILY = "1,2";
				TEST_HOST = "$(BUILT_PRODUCTS_DIR)/RTSDA.app/$(BUNDLE_EXECUTABLE_FOLDER_PATH)/RTSDA";
			};
			name = Debug;
		};
		EA3CC65F2CE9369500105BBB /* Release */ = {
			isa = XCBuildConfiguration;
			buildSettings = {
				BUNDLE_LOADER = "$(TEST_HOST)";
				CODE_SIGN_STYLE = Automatic;
				CURRENT_PROJECT_VERSION = 1;
				GENERATE_INFOPLIST_FILE = YES;
				IPHONEOS_DEPLOYMENT_TARGET = 18.1;
				MARKETING_VERSION = 1.0;
				PRODUCT_BUNDLE_IDENTIFIER = com.rockvilletollandsdachurch.RTSDATests;
				PRODUCT_NAME = "$(TARGET_NAME)";
				SWIFT_EMIT_LOC_STRINGS = NO;
				SWIFT_VERSION = 5.0;
				TARGETED_DEVICE_FAMILY = "1,2";
				TEST_HOST = "$(BUILT_PRODUCTS_DIR)/RTSDA.app/$(BUNDLE_EXECUTABLE_FOLDER_PATH)/RTSDA";
			};
			name = Release;
		};
		EA3CC6612CE9369500105BBB /* Debug */ = {
			isa = XCBuildConfiguration;
			buildSettings = {
				CODE_SIGN_STYLE = Automatic;
				CURRENT_PROJECT_VERSION = 1;
				GENERATE_INFOPLIST_FILE = YES;
				MARKETING_VERSION = 1.0;
				PRODUCT_BUNDLE_IDENTIFIER = com.rockvilletollandsdachurch.RTSDAUITests;
				PRODUCT_NAME = "$(TARGET_NAME)";
				SWIFT_EMIT_LOC_STRINGS = NO;
				SWIFT_VERSION = 5.0;
				TARGETED_DEVICE_FAMILY = "1,2";
				TEST_TARGET_NAME = RTSDA;
			};
			name = Debug;
		};
		EA3CC6622CE9369500105BBB /* Release */ = {
			isa = XCBuildConfiguration;
			buildSettings = {
				CODE_SIGN_STYLE = Automatic;
				CURRENT_PROJECT_VERSION = 1;
				GENERATE_INFOPLIST_FILE = YES;
				MARKETING_VERSION = 1.0;
				PRODUCT_BUNDLE_IDENTIFIER = com.rockvilletollandsdachurch.RTSDAUITests;
				PRODUCT_NAME = "$(TARGET_NAME)";
				SWIFT_EMIT_LOC_STRINGS = NO;
				SWIFT_VERSION = 5.0;
				TARGETED_DEVICE_FAMILY = "1,2";
				TEST_TARGET_NAME = RTSDA;
			};
			name = Release;
		};
/* End XCBuildConfiguration section */

/* Begin XCConfigurationList section */
		EA3CC6312CE9369300105BBB /* Build configuration list for PBXProject "RTSDA" */ = {
			isa = XCConfigurationList;
			buildConfigurations = (
				EA3CC6582CE9369500105BBB /* Debug */,
				EA3CC6592CE9369500105BBB /* Release */,
			);
			defaultConfigurationIsVisible = 0;
			defaultConfigurationName = Release;
		};
		EA3CC65A2CE9369500105BBB /* Build configuration list for PBXNativeTarget "RTSDA" */ = {
			isa = XCConfigurationList;
			buildConfigurations = (
				EA3CC65B2CE9369500105BBB /* Debug */,
				EA3CC65C2CE9369500105BBB /* Release */,
			);
			defaultConfigurationIsVisible = 0;
			defaultConfigurationName = Release;
		};
		EA3CC65D2CE9369500105BBB /* Build configuration list for PBXNativeTarget "RTSDATests" */ = {
			isa = XCConfigurationList;
			buildConfigurations = (
				EA3CC65E2CE9369500105BBB /* Debug */,
				EA3CC65F2CE9369500105BBB /* Release */,
			);
			defaultConfigurationIsVisible = 0;
			defaultConfigurationName = Release;
		};
		EA3CC6602CE9369500105BBB /* Build configuration list for PBXNativeTarget "RTSDAUITests" */ = {
			isa = XCConfigurationList;
			buildConfigurations = (
				EA3CC6612CE9369500105BBB /* Debug */,
				EA3CC6622CE9369500105BBB /* Release */,
			);
			defaultConfigurationIsVisible = 0;
			defaultConfigurationName = Release;
		};
/* End XCConfigurationList section */

/* Begin XCRemoteSwiftPackageReference section */
		EA21CE0E2CF0F56500AC1B78 /* XCRemoteSwiftPackageReference "YouTubePlayerKit" */ = {
			isa = XCRemoteSwiftPackageReference;
			repositoryURL = "https://github.com/SvenTiigi/YouTubePlayerKit.git";
			requirement = {
				kind = upToNextMajorVersion;
				minimumVersion = 1.9.0;
			};
		};
		EA35E95F2CEABA2000463B11 /* XCRemoteSwiftPackageReference "firebase-ios-sdk" */ = {
			isa = XCRemoteSwiftPackageReference;
			repositoryURL = "https://github.com/firebase/firebase-ios-sdk";
			requirement = {
				kind = upToNextMajorVersion;
				minimumVersion = 11.5.0;
			};
		};
/* End XCRemoteSwiftPackageReference section */

/* Begin XCSwiftPackageProductDependency section */
		EA21CE0F2CF0F56500AC1B78 /* YouTubePlayerKit */ = {
			isa = XCSwiftPackageProductDependency;
			package = EA21CE0E2CF0F56500AC1B78 /* XCRemoteSwiftPackageReference "YouTubePlayerKit" */;
			productName = YouTubePlayerKit;
		};
		EA35E9602CEABA2000463B11 /* FirebaseAuth */ = {
			isa = XCSwiftPackageProductDependency;
			package = EA35E95F2CEABA2000463B11 /* XCRemoteSwiftPackageReference "firebase-ios-sdk" */;
			productName = FirebaseAuth;
		};
		EA35E9622CEABA2000463B11 /* FirebaseFirestore */ = {
			isa = XCSwiftPackageProductDependency;
			package = EA35E95F2CEABA2000463B11 /* XCRemoteSwiftPackageReference "firebase-ios-sdk" */;
			productName = FirebaseFirestore;
		};
		EA67F5F02CF131ED00590ED2 /* FirebaseRemoteConfig */ = {
			isa = XCSwiftPackageProductDependency;
			package = EA35E95F2CEABA2000463B11 /* XCRemoteSwiftPackageReference "firebase-ios-sdk" */;
			productName = FirebaseRemoteConfig;
		};
/* End XCSwiftPackageProductDependency section */
	};
	rootObject = EA3CC62E2CE9369300105BBB /* Project object */;
}
