// !$*UTF8*$!
{
	archiveVersion = 1;
	classes = {
	};
	objectVersion = 77;
	objects = {

/* Begin PBXBuildFile section */
		EA019ECF2D978167002FC58F /* BulletinViewModel.swift in Sources */ = {isa = PBXBuildFile; fileRef = EA019ECE2D978167002FC58F /* BulletinViewModel.swift */; };
		EA1C83A42D43EA4900D8B78F /* SermonBrowserViewModel.swift in Sources */ = {isa = PBXBuildFile; fileRef = EA1C838F2D43EA4900D8B78F /* SermonBrowserViewModel.swift */; };
		EA1C83A52D43EA4900D8B78F /* RTSDAApp.swift in Sources */ = {isa = PBXBuildFile; fileRef = EA1C83702D43EA4900D8B78F /* RTSDAApp.swift */; };
		EA1C83A62D43EA4900D8B78F /* EventsViewModel.swift in Sources */ = {isa = PBXBuildFile; fileRef = EA1C838C2D43EA4900D8B78F /* EventsViewModel.swift */; };
		EA1C83A72D43EA4900D8B78F /* LivestreamCard.swift in Sources */ = {isa = PBXBuildFile; fileRef = EA1C839A2D43EA4900D8B78F /* LivestreamCard.swift */; };
		EA1C83A92D43EA4900D8B78F /* Event.swift in Sources */ = {isa = PBXBuildFile; fileRef = EA1C83622D43EA4900D8B78F /* Event.swift */; };
		EA1C83AA2D43EA4900D8B78F /* MessagesView.swift in Sources */ = {isa = PBXBuildFile; fileRef = EA1C839C2D43EA4900D8B78F /* MessagesView.swift */; };
		EA1C83AB2D43EA4900D8B78F /* EventsView.swift in Sources */ = {isa = PBXBuildFile; fileRef = EA1C83982D43EA4900D8B78F /* EventsView.swift */; };
		EA1C83AC2D43EA4900D8B78F /* EventDetailView.swift in Sources */ = {isa = PBXBuildFile; fileRef = EA1C83972D43EA4900D8B78F /* EventDetailView.swift */; };
		EA1C83AD2D43EA4900D8B78F /* CachedAsyncImage.swift in Sources */ = {isa = PBXBuildFile; fileRef = EA1C83932D43EA4900D8B78F /* CachedAsyncImage.swift */; };
		EA1C83AE2D43EA4900D8B78F /* ImageCache.swift in Sources */ = {isa = PBXBuildFile; fileRef = EA1C83792D43EA4900D8B78F /* ImageCache.swift */; };
		EA1C83AF2D43EA4900D8B78F /* OwncastView.swift in Sources */ = {isa = PBXBuildFile; fileRef = EA1C839D2D43EA4900D8B78F /* OwncastView.swift */; };
		EA1C83B02D43EA4900D8B78F /* ContentView.swift in Sources */ = {isa = PBXBuildFile; fileRef = EA1C83952D43EA4900D8B78F /* ContentView.swift */; };
		EA1C83B12D43EA4900D8B78F /* Config.swift in Sources */ = {isa = PBXBuildFile; fileRef = EA1C83612D43EA4900D8B78F /* Config.swift */; };
		EA1C83B22D43EA4900D8B78F /* OwncastViewModel.swift in Sources */ = {isa = PBXBuildFile; fileRef = EA1C838E2D43EA4900D8B78F /* OwncastViewModel.swift */; };
		EA1C83B32D43EA4900D8B78F /* PocketBaseService.swift in Sources */ = {isa = PBXBuildFile; fileRef = EA1C837C2D43EA4900D8B78F /* PocketBaseService.swift */; };
		EA1C83B42D43EA4900D8B78F /* ContactFormView.swift in Sources */ = {isa = PBXBuildFile; fileRef = EA1C83942D43EA4900D8B78F /* ContactFormView.swift */; };
		EA1C83B52D43EA4900D8B78F /* JellyfinService.swift in Sources */ = {isa = PBXBuildFile; fileRef = EA1C837A2D43EA4900D8B78F /* JellyfinService.swift */; };
		EA1C83B62D43EA4900D8B78F /* EventCard.swift in Sources */ = {isa = PBXBuildFile; fileRef = EA1C83962D43EA4900D8B78F /* EventCard.swift */; };
		EA1C83B72D43EA4900D8B78F /* ConfigService.swift in Sources */ = {isa = PBXBuildFile; fileRef = EA1C83782D43EA4900D8B78F /* ConfigService.swift */; };
		EA1C83B82D43EA4900D8B78F /* MessageCard.swift in Sources */ = {isa = PBXBuildFile; fileRef = EA1C839B2D43EA4900D8B78F /* MessageCard.swift */; };
		EA1C83B92D43EA4900D8B78F /* Sermon.swift in Sources */ = {isa = PBXBuildFile; fileRef = EA1C83642D43EA4900D8B78F /* Sermon.swift */; };
		EA1C83BA2D43EA4900D8B78F /* PermissionsManager.swift in Sources */ = {isa = PBXBuildFile; fileRef = EA1C835F2D43EA4900D8B78F /* PermissionsManager.swift */; };
		EA1C83BC2D43EA4900D8B78F /* BeliefsView.swift in Sources */ = {isa = PBXBuildFile; fileRef = EA1C83912D43EA4900D8B78F /* BeliefsView.swift */; };
		EA1C83BD2D43EA4900D8B78F /* BulletinView.swift in Sources */ = {isa = PBXBuildFile; fileRef = EA1C83922D43EA4900D8B78F /* BulletinView.swift */; };
		EA1C83BE2D43EA4900D8B78F /* Message.swift in Sources */ = {isa = PBXBuildFile; fileRef = EA1C83632D43EA4900D8B78F /* Message.swift */; };
		EA1C83BF2D43EA4900D8B78F /* BibleService.swift in Sources */ = {isa = PBXBuildFile; fileRef = EA1C83772D43EA4900D8B78F /* BibleService.swift */; };
		EA1C83C02D43EA4900D8B78F /* Color+Extensions.swift in Sources */ = {isa = PBXBuildFile; fileRef = EA1C835C2D43EA4900D8B78F /* Color+Extensions.swift */; };
		EA1C83C12D43EA4900D8B78F /* VideoPlayerView.swift in Sources */ = {isa = PBXBuildFile; fileRef = EA1C839F2D43EA4900D8B78F /* VideoPlayerView.swift */; };
		EA1C83C22D43EA4900D8B78F /* MessagesViewModel.swift in Sources */ = {isa = PBXBuildFile; fileRef = EA1C838D2D43EA4900D8B78F /* MessagesViewModel.swift */; };
		EA1C83C32D43EA4900D8B78F /* OwnCastService.swift in Sources */ = {isa = PBXBuildFile; fileRef = EA1C837B2D43EA4900D8B78F /* OwnCastService.swift */; };
		EA1C83C42D43EA4900D8B78F /* SplashScreenView.swift in Sources */ = {isa = PBXBuildFile; fileRef = EA1C839E2D43EA4900D8B78F /* SplashScreenView.swift */; };
		EA1C83C52D43EA4900D8B78F /* JellyfinPlayerView.swift in Sources */ = {isa = PBXBuildFile; fileRef = EA1C83992D43EA4900D8B78F /* JellyfinPlayerView.swift */; };
		EA1C83C62D43EA4900D8B78F /* AppAvailabilityService.swift in Sources */ = {isa = PBXBuildFile; fileRef = EA1C83762D43EA4900D8B78F /* AppAvailabilityService.swift */; };
		EA1C83C72D43EA4900D8B78F /* Preview Assets.xcassets in Resources */ = {isa = PBXBuildFile; fileRef = EA1C83662D43EA4900D8B78F /* Preview Assets.xcassets */; };
		EA1C83C92D43EA4900D8B78F /* Lora-Italic.ttf in Resources */ = {isa = PBXBuildFile; fileRef = EA1C83682D43EA4900D8B78F /* Lora-Italic.ttf */; };
		EA1C83CD2D43EA4900D8B78F /* Lora-Regular.ttf in Resources */ = {isa = PBXBuildFile; fileRef = EA1C83692D43EA4900D8B78F /* Lora-Regular.ttf */; };
		EA1C83CE2D43EA4900D8B78F /* Montserrat-SemiBold.ttf in Resources */ = {isa = PBXBuildFile; fileRef = EA1C836B2D43EA4900D8B78F /* Montserrat-SemiBold.ttf */; };
		EA1C83CF2D43EA4900D8B78F /* Montserrat-Regular.ttf in Resources */ = {isa = PBXBuildFile; fileRef = EA1C836A2D43EA4900D8B78F /* Montserrat-Regular.ttf */; };
		EA1C83D22D43EA4900D8B78F /* Assets.xcassets in Resources */ = {isa = PBXBuildFile; fileRef = EA1C835B2D43EA4900D8B78F /* Assets.xcassets */; };
/* End PBXBuildFile section */

/* Begin PBXFileReference section */
		EA019ECE2D978167002FC58F /* BulletinViewModel.swift */ = {isa = PBXFileReference; lastKnownFileType = sourcecode.swift; path = BulletinViewModel.swift; sourceTree = "<group>"; };
		EA07AAFA2D43EF78002ACBF8 /* XCTest.framework */ = {isa = PBXFileReference; lastKnownFileType = wrapper.framework; name = XCTest.framework; path = Platforms/iPhoneOS.platform/Developer/Library/Frameworks/XCTest.framework; sourceTree = DEVELOPER_DIR; };
		EA1C835B2D43EA4900D8B78F /* Assets.xcassets */ = {isa = PBXFileReference; lastKnownFileType = folder.assetcatalog; path = Assets.xcassets; sourceTree = "<group>"; };
		EA1C835C2D43EA4900D8B78F /* Color+Extensions.swift */ = {isa = PBXFileReference; lastKnownFileType = sourcecode.swift; path = "Color+Extensions.swift"; sourceTree = "<group>"; };
		EA1C835E2D43EA4900D8B78F /* Info.plist */ = {isa = PBXFileReference; lastKnownFileType = text.plist.xml; path = Info.plist; sourceTree = "<group>"; };
		EA1C835F2D43EA4900D8B78F /* PermissionsManager.swift */ = {isa = PBXFileReference; lastKnownFileType = sourcecode.swift; path = PermissionsManager.swift; sourceTree = "<group>"; };
		EA1C83612D43EA4900D8B78F /* Config.swift */ = {isa = PBXFileReference; lastKnownFileType = sourcecode.swift; path = Config.swift; sourceTree = "<group>"; };
		EA1C83622D43EA4900D8B78F /* Event.swift */ = {isa = PBXFileReference; lastKnownFileType = sourcecode.swift; path = Event.swift; sourceTree = "<group>"; };
		EA1C83632D43EA4900D8B78F /* Message.swift */ = {isa = PBXFileReference; lastKnownFileType = sourcecode.swift; path = Message.swift; sourceTree = "<group>"; };
		EA1C83642D43EA4900D8B78F /* Sermon.swift */ = {isa = PBXFileReference; lastKnownFileType = sourcecode.swift; path = Sermon.swift; sourceTree = "<group>"; };
		EA1C83662D43EA4900D8B78F /* Preview Assets.xcassets */ = {isa = PBXFileReference; lastKnownFileType = folder.assetcatalog; path = "Preview Assets.xcassets"; sourceTree = "<group>"; };
		EA1C83682D43EA4900D8B78F /* Lora-Italic.ttf */ = {isa = PBXFileReference; lastKnownFileType = file; path = "Lora-Italic.ttf"; sourceTree = "<group>"; };
		EA1C83692D43EA4900D8B78F /* Lora-Regular.ttf */ = {isa = PBXFileReference; lastKnownFileType = file; path = "Lora-Regular.ttf"; sourceTree = "<group>"; };
		EA1C836A2D43EA4900D8B78F /* Montserrat-Regular.ttf */ = {isa = PBXFileReference; lastKnownFileType = file; path = "Montserrat-Regular.ttf"; sourceTree = "<group>"; };
		EA1C836B2D43EA4900D8B78F /* Montserrat-SemiBold.ttf */ = {isa = PBXFileReference; lastKnownFileType = file; path = "Montserrat-SemiBold.ttf"; sourceTree = "<group>"; };
		EA1C836E2D43EA4900D8B78F /* RTSDA.entitlements */ = {isa = PBXFileReference; lastKnownFileType = text.plist.entitlements; path = RTSDA.entitlements; sourceTree = "<group>"; };
		EA1C836F2D43EA4900D8B78F /* RTSDA.xcodeproj */ = {isa = PBXFileReference; lastKnownFileType = "wrapper.pb-project"; path = RTSDA.xcodeproj; sourceTree = "<group>"; };
		EA1C83702D43EA4900D8B78F /* RTSDAApp.swift */ = {isa = PBXFileReference; lastKnownFileType = sourcecode.swift; path = RTSDAApp.swift; sourceTree = "<group>"; };
		EA1C83762D43EA4900D8B78F /* AppAvailabilityService.swift */ = {isa = PBXFileReference; lastKnownFileType = sourcecode.swift; path = AppAvailabilityService.swift; sourceTree = "<group>"; };
		EA1C83772D43EA4900D8B78F /* BibleService.swift */ = {isa = PBXFileReference; lastKnownFileType = sourcecode.swift; path = BibleService.swift; sourceTree = "<group>"; };
		EA1C83782D43EA4900D8B78F /* ConfigService.swift */ = {isa = PBXFileReference; lastKnownFileType = sourcecode.swift; path = ConfigService.swift; sourceTree = "<group>"; };
		EA1C83792D43EA4900D8B78F /* ImageCache.swift */ = {isa = PBXFileReference; lastKnownFileType = sourcecode.swift; path = ImageCache.swift; sourceTree = "<group>"; };
		EA1C837A2D43EA4900D8B78F /* JellyfinService.swift */ = {isa = PBXFileReference; lastKnownFileType = sourcecode.swift; path = JellyfinService.swift; sourceTree = "<group>"; };
		EA1C837B2D43EA4900D8B78F /* OwnCastService.swift */ = {isa = PBXFileReference; lastKnownFileType = sourcecode.swift; path = OwnCastService.swift; sourceTree = "<group>"; };
		EA1C837C2D43EA4900D8B78F /* PocketBaseService.swift */ = {isa = PBXFileReference; lastKnownFileType = sourcecode.swift; path = PocketBaseService.swift; sourceTree = "<group>"; };
		EA1C838C2D43EA4900D8B78F /* EventsViewModel.swift */ = {isa = PBXFileReference; lastKnownFileType = sourcecode.swift; path = EventsViewModel.swift; sourceTree = "<group>"; };
		EA1C838D2D43EA4900D8B78F /* MessagesViewModel.swift */ = {isa = PBXFileReference; lastKnownFileType = sourcecode.swift; path = MessagesViewModel.swift; sourceTree = "<group>"; };
		EA1C838E2D43EA4900D8B78F /* OwncastViewModel.swift */ = {isa = PBXFileReference; lastKnownFileType = sourcecode.swift; path = OwncastViewModel.swift; sourceTree = "<group>"; };
		EA1C838F2D43EA4900D8B78F /* SermonBrowserViewModel.swift */ = {isa = PBXFileReference; lastKnownFileType = sourcecode.swift; path = SermonBrowserViewModel.swift; sourceTree = "<group>"; };
		EA1C83912D43EA4900D8B78F /* BeliefsView.swift */ = {isa = PBXFileReference; lastKnownFileType = sourcecode.swift; path = BeliefsView.swift; sourceTree = "<group>"; };
		EA1C83922D43EA4900D8B78F /* BulletinView.swift */ = {isa = PBXFileReference; lastKnownFileType = sourcecode.swift; path = BulletinView.swift; sourceTree = "<group>"; };
		EA1C83932D43EA4900D8B78F /* CachedAsyncImage.swift */ = {isa = PBXFileReference; lastKnownFileType = sourcecode.swift; path = CachedAsyncImage.swift; sourceTree = "<group>"; };
		EA1C83942D43EA4900D8B78F /* ContactFormView.swift */ = {isa = PBXFileReference; lastKnownFileType = sourcecode.swift; path = ContactFormView.swift; sourceTree = "<group>"; };
		EA1C83952D43EA4900D8B78F /* ContentView.swift */ = {isa = PBXFileReference; lastKnownFileType = sourcecode.swift; path = ContentView.swift; sourceTree = "<group>"; };
		EA1C83962D43EA4900D8B78F /* EventCard.swift */ = {isa = PBXFileReference; lastKnownFileType = sourcecode.swift; path = EventCard.swift; sourceTree = "<group>"; };
		EA1C83972D43EA4900D8B78F /* EventDetailView.swift */ = {isa = PBXFileReference; lastKnownFileType = sourcecode.swift; path = EventDetailView.swift; sourceTree = "<group>"; };
		EA1C83982D43EA4900D8B78F /* EventsView.swift */ = {isa = PBXFileReference; lastKnownFileType = sourcecode.swift; path = EventsView.swift; sourceTree = "<group>"; };
		EA1C83992D43EA4900D8B78F /* JellyfinPlayerView.swift */ = {isa = PBXFileReference; lastKnownFileType = sourcecode.swift; path = JellyfinPlayerView.swift; sourceTree = "<group>"; };
		EA1C839A2D43EA4900D8B78F /* LivestreamCard.swift */ = {isa = PBXFileReference; lastKnownFileType = sourcecode.swift; path = LivestreamCard.swift; sourceTree = "<group>"; };
		EA1C839B2D43EA4900D8B78F /* MessageCard.swift */ = {isa = PBXFileReference; lastKnownFileType = sourcecode.swift; path = MessageCard.swift; sourceTree = "<group>"; };
		EA1C839C2D43EA4900D8B78F /* MessagesView.swift */ = {isa = PBXFileReference; lastKnownFileType = sourcecode.swift; path = MessagesView.swift; sourceTree = "<group>"; };
		EA1C839D2D43EA4900D8B78F /* OwncastView.swift */ = {isa = PBXFileReference; lastKnownFileType = sourcecode.swift; path = OwncastView.swift; sourceTree = "<group>"; };
		EA1C839E2D43EA4900D8B78F /* SplashScreenView.swift */ = {isa = PBXFileReference; lastKnownFileType = sourcecode.swift; path = SplashScreenView.swift; sourceTree = "<group>"; };
		EA1C839F2D43EA4900D8B78F /* VideoPlayerView.swift */ = {isa = PBXFileReference; lastKnownFileType = sourcecode.swift; path = VideoPlayerView.swift; sourceTree = "<group>"; };
		EA2F9F7E2CF406E800B9F454 /* RTSDA.app */ = {isa = PBXFileReference; explicitFileType = wrapper.application; includeInIndex = 0; path = RTSDA.app; sourceTree = BUILT_PRODUCTS_DIR; };
/* End PBXFileReference section */

/* Begin PBXFrameworksBuildPhase section */
		EA2F9F7B2CF406E800B9F454 /* Frameworks */ = {
			isa = PBXFrameworksBuildPhase;
			buildActionMask = 2147483647;
			files = (
			);
			runOnlyForDeploymentPostprocessing = 0;
		};
/* End PBXFrameworksBuildPhase section */

/* Begin PBXGroup section */
		EA07AAF92D43EF78002ACBF8 /* Frameworks */ = {
			isa = PBXGroup;
			children = (
				EA07AAFA2D43EF78002ACBF8 /* XCTest.framework */,
			);
			name = Frameworks;
			sourceTree = "<group>";
		};
		EA1C835D2D43EA4900D8B78F /* Extensions */ = {
			isa = PBXGroup;
			children = (
				EA1C835C2D43EA4900D8B78F /* Color+Extensions.swift */,
			);
			path = Extensions;
			sourceTree = "<group>";
		};
		EA1C83602D43EA4900D8B78F /* Managers */ = {
			isa = PBXGroup;
			children = (
				EA1C835F2D43EA4900D8B78F /* PermissionsManager.swift */,
			);
			path = Managers;
			sourceTree = "<group>";
		};
		EA1C83652D43EA4900D8B78F /* Models */ = {
			isa = PBXGroup;
			children = (
				EA1C83612D43EA4900D8B78F /* Config.swift */,
				EA1C83622D43EA4900D8B78F /* Event.swift */,
				EA1C83632D43EA4900D8B78F /* Message.swift */,
				EA1C83642D43EA4900D8B78F /* Sermon.swift */,
			);
			path = Models;
			sourceTree = "<group>";
		};
		EA1C83672D43EA4900D8B78F /* Preview Content */ = {
			isa = PBXGroup;
			children = (
				EA1C83662D43EA4900D8B78F /* Preview Assets.xcassets */,
			);
			path = "Preview Content";
			sourceTree = "<group>";
		};
		EA1C836C2D43EA4900D8B78F /* Fonts */ = {
			isa = PBXGroup;
			children = (
				EA1C83682D43EA4900D8B78F /* Lora-Italic.ttf */,
				EA1C83692D43EA4900D8B78F /* Lora-Regular.ttf */,
				EA1C836A2D43EA4900D8B78F /* Montserrat-Regular.ttf */,
				EA1C836B2D43EA4900D8B78F /* Montserrat-SemiBold.ttf */,
			);
			path = Fonts;
			sourceTree = "<group>";
		};
		EA1C836D2D43EA4900D8B78F /* Resources */ = {
			isa = PBXGroup;
			children = (
				EA1C836C2D43EA4900D8B78F /* Fonts */,
			);
			path = Resources;
			sourceTree = "<group>";
		};
		EA1C837D2D43EA4900D8B78F /* Services */ = {
			isa = PBXGroup;
			children = (
				EA1C83762D43EA4900D8B78F /* AppAvailabilityService.swift */,
				EA1C83772D43EA4900D8B78F /* BibleService.swift */,
				EA1C83782D43EA4900D8B78F /* ConfigService.swift */,
				EA1C83792D43EA4900D8B78F /* ImageCache.swift */,
				EA1C837A2D43EA4900D8B78F /* JellyfinService.swift */,
				EA1C837B2D43EA4900D8B78F /* OwnCastService.swift */,
				EA1C837C2D43EA4900D8B78F /* PocketBaseService.swift */,
			);
			path = Services;
			sourceTree = "<group>";
		};
		EA1C83902D43EA4900D8B78F /* ViewModels */ = {
			isa = PBXGroup;
			children = (
				EA1C838C2D43EA4900D8B78F /* EventsViewModel.swift */,
				EA1C838D2D43EA4900D8B78F /* MessagesViewModel.swift */,
				EA1C838E2D43EA4900D8B78F /* OwncastViewModel.swift */,
				EA1C838F2D43EA4900D8B78F /* SermonBrowserViewModel.swift */,
				EA019ECE2D978167002FC58F /* BulletinViewModel.swift */,
			);
			path = ViewModels;
			sourceTree = "<group>";
		};
		EA1C83A02D43EA4900D8B78F /* Views */ = {
			isa = PBXGroup;
			children = (
				EA1C83912D43EA4900D8B78F /* BeliefsView.swift */,
				EA1C83922D43EA4900D8B78F /* BulletinView.swift */,
				EA1C83932D43EA4900D8B78F /* CachedAsyncImage.swift */,
				EA1C83942D43EA4900D8B78F /* ContactFormView.swift */,
				EA1C83952D43EA4900D8B78F /* ContentView.swift */,
				EA1C83962D43EA4900D8B78F /* EventCard.swift */,
				EA1C83972D43EA4900D8B78F /* EventDetailView.swift */,
				EA1C83982D43EA4900D8B78F /* EventsView.swift */,
				EA1C83992D43EA4900D8B78F /* JellyfinPlayerView.swift */,
				EA1C839A2D43EA4900D8B78F /* LivestreamCard.swift */,
				EA1C839B2D43EA4900D8B78F /* MessageCard.swift */,
				EA1C839C2D43EA4900D8B78F /* MessagesView.swift */,
				EA1C839D2D43EA4900D8B78F /* OwncastView.swift */,
				EA1C839E2D43EA4900D8B78F /* SplashScreenView.swift */,
				EA1C839F2D43EA4900D8B78F /* VideoPlayerView.swift */,
			);
			path = Views;
			sourceTree = "<group>";
		};
		EA1C83A12D43EA4900D8B78F /* Products */ = {
			isa = PBXGroup;
			name = Products;
			sourceTree = "<group>";
		};
		EA2F9F752CF406E800B9F454 = {
			isa = PBXGroup;
			children = (
				EA1C835B2D43EA4900D8B78F /* Assets.xcassets */,
				EA1C835D2D43EA4900D8B78F /* Extensions */,
				EA1C835E2D43EA4900D8B78F /* Info.plist */,
				EA1C83602D43EA4900D8B78F /* Managers */,
				EA1C83652D43EA4900D8B78F /* Models */,
				EA1C83672D43EA4900D8B78F /* Preview Content */,
				EA1C836D2D43EA4900D8B78F /* Resources */,
				EA1C836E2D43EA4900D8B78F /* RTSDA.entitlements */,
				EA1C836F2D43EA4900D8B78F /* RTSDA.xcodeproj */,
				EA1C83702D43EA4900D8B78F /* RTSDAApp.swift */,
				EA1C837D2D43EA4900D8B78F /* Services */,
				EA1C83902D43EA4900D8B78F /* ViewModels */,
				EA1C83A02D43EA4900D8B78F /* Views */,
				EA07AAF92D43EF78002ACBF8 /* Frameworks */,
				EA2F9F7F2CF406E800B9F454 /* Products */,
			);
			sourceTree = "<group>";
		};
		EA2F9F7F2CF406E800B9F454 /* Products */ = {
			isa = PBXGroup;
			children = (
				EA2F9F7E2CF406E800B9F454 /* RTSDA.app */,
			);
			name = Products;
			sourceTree = "<group>";
		};
/* End PBXGroup section */

/* Begin PBXNativeTarget section */
		EA2F9F7D2CF406E800B9F454 /* RTSDA */ = {
			isa = PBXNativeTarget;
			buildConfigurationList = EA2F9FA22CF406E900B9F454 /* Build configuration list for PBXNativeTarget "RTSDA" */;
			buildPhases = (
				EA2F9F7A2CF406E800B9F454 /* Sources */,
				EA2F9F7B2CF406E800B9F454 /* Frameworks */,
				EA2F9F7C2CF406E800B9F454 /* Resources */,
			);
			buildRules = (
			);
			dependencies = (
			);
			name = RTSDA;
			packageProductDependencies = (
			);
			productName = RTSDA;
			productReference = EA2F9F7E2CF406E800B9F454 /* RTSDA.app */;
			productType = "com.apple.product-type.application";
		};
/* End PBXNativeTarget section */

/* Begin PBXProject section */
		EA2F9F762CF406E800B9F454 /* Project object */ = {
			isa = PBXProject;
			attributes = {
				BuildIndependentTargetsInParallel = 1;
				LastSwiftUpdateCheck = 1610;
				LastUpgradeCheck = 1630;
				TargetAttributes = {
					EA2F9F7D2CF406E800B9F454 = {
						CreatedOnToolsVersion = 16.1;
					};
				};
			};
			buildConfigurationList = EA2F9F792CF406E800B9F454 /* Build configuration list for PBXProject "RTSDA" */;
			developmentRegion = en;
			hasScannedForEncodings = 0;
			knownRegions = (
				en,
				Base,
			);
			mainGroup = EA2F9F752CF406E800B9F454;
			minimizedProjectReferenceProxies = 1;
			packageReferences = (
			);
			preferredProjectObjectVersion = 77;
			productRefGroup = EA2F9F7F2CF406E800B9F454 /* Products */;
			projectDirPath = "";
			projectReferences = (
				{
					ProductGroup = EA1C83A12D43EA4900D8B78F /* Products */;
					ProjectRef = EA1C836F2D43EA4900D8B78F /* RTSDA.xcodeproj */;
				},
			);
			projectRoot = "";
			targets = (
				EA2F9F7D2CF406E800B9F454 /* RTSDA */,
			);
		};
/* End PBXProject section */

/* Begin PBXResourcesBuildPhase section */
		EA2F9F7C2CF406E800B9F454 /* Resources */ = {
			isa = PBXResourcesBuildPhase;
			buildActionMask = 2147483647;
			files = (
				EA1C83C72D43EA4900D8B78F /* Preview Assets.xcassets in Resources */,
				EA1C83C92D43EA4900D8B78F /* Lora-Italic.ttf in Resources */,
				EA1C83CD2D43EA4900D8B78F /* Lora-Regular.ttf in Resources */,
				EA1C83CE2D43EA4900D8B78F /* Montserrat-SemiBold.ttf in Resources */,
				EA1C83CF2D43EA4900D8B78F /* Montserrat-Regular.ttf in Resources */,
				EA1C83D22D43EA4900D8B78F /* Assets.xcassets in Resources */,
			);
			runOnlyForDeploymentPostprocessing = 0;
		};
/* End PBXResourcesBuildPhase section */

/* Begin PBXSourcesBuildPhase section */
		EA2F9F7A2CF406E800B9F454 /* Sources */ = {
			isa = PBXSourcesBuildPhase;
			buildActionMask = 2147483647;
			files = (
				EA1C83A42D43EA4900D8B78F /* SermonBrowserViewModel.swift in Sources */,
				EA1C83A52D43EA4900D8B78F /* RTSDAApp.swift in Sources */,
				EA1C83A62D43EA4900D8B78F /* EventsViewModel.swift in Sources */,
				EA1C83A72D43EA4900D8B78F /* LivestreamCard.swift in Sources */,
				EA1C83A92D43EA4900D8B78F /* Event.swift in Sources */,
				EA1C83AA2D43EA4900D8B78F /* MessagesView.swift in Sources */,
				EA1C83AB2D43EA4900D8B78F /* EventsView.swift in Sources */,
				EA1C83AC2D43EA4900D8B78F /* EventDetailView.swift in Sources */,
				EA1C83AD2D43EA4900D8B78F /* CachedAsyncImage.swift in Sources */,
				EA1C83AE2D43EA4900D8B78F /* ImageCache.swift in Sources */,
				EA1C83AF2D43EA4900D8B78F /* OwncastView.swift in Sources */,
				EA1C83B02D43EA4900D8B78F /* ContentView.swift in Sources */,
				EA1C83B12D43EA4900D8B78F /* Config.swift in Sources */,
				EA1C83B22D43EA4900D8B78F /* OwncastViewModel.swift in Sources */,
				EA1C83B32D43EA4900D8B78F /* PocketBaseService.swift in Sources */,
				EA1C83B42D43EA4900D8B78F /* ContactFormView.swift in Sources */,
				EA1C83B52D43EA4900D8B78F /* JellyfinService.swift in Sources */,
				EA1C83B62D43EA4900D8B78F /* EventCard.swift in Sources */,
				EA1C83B72D43EA4900D8B78F /* ConfigService.swift in Sources */,
				EA1C83B82D43EA4900D8B78F /* MessageCard.swift in Sources */,
				EA1C83B92D43EA4900D8B78F /* Sermon.swift in Sources */,
				EA1C83BA2D43EA4900D8B78F /* PermissionsManager.swift in Sources */,
				EA1C83BC2D43EA4900D8B78F /* BeliefsView.swift in Sources */,
				EA1C83BD2D43EA4900D8B78F /* BulletinView.swift in Sources */,
				EA1C83BE2D43EA4900D8B78F /* Message.swift in Sources */,
				EA1C83BF2D43EA4900D8B78F /* BibleService.swift in Sources */,
				EA1C83C02D43EA4900D8B78F /* Color+Extensions.swift in Sources */,
				EA1C83C12D43EA4900D8B78F /* VideoPlayerView.swift in Sources */,
				EA1C83C22D43EA4900D8B78F /* MessagesViewModel.swift in Sources */,
				EA1C83C32D43EA4900D8B78F /* OwnCastService.swift in Sources */,
				EA1C83C42D43EA4900D8B78F /* SplashScreenView.swift in Sources */,
				EA019ECF2D978167002FC58F /* BulletinViewModel.swift in Sources */,
				EA1C83C52D43EA4900D8B78F /* JellyfinPlayerView.swift in Sources */,
				EA1C83C62D43EA4900D8B78F /* AppAvailabilityService.swift in Sources */,
			);
			runOnlyForDeploymentPostprocessing = 0;
		};
/* End PBXSourcesBuildPhase section */

/* Begin XCBuildConfiguration section */
		EA2F9FA02CF406E900B9F454 /* Debug */ = {
			isa = XCBuildConfiguration;
			buildSettings = {
				ALWAYS_SEARCH_USER_PATHS = NO;
				ASSETCATALOG_COMPILER_GENERATE_SWIFT_ASSET_SYMBOL_EXTENSIONS = YES;
				CLANG_ANALYZER_NONNULL = YES;
				CLANG_ANALYZER_NUMBER_OBJECT_CONVERSION = YES_AGGRESSIVE;
				CLANG_CXX_LANGUAGE_STANDARD = "gnu++20";
				CLANG_ENABLE_MODULES = YES;
				CLANG_ENABLE_OBJC_ARC = YES;
				CLANG_ENABLE_OBJC_WEAK = YES;
				CLANG_WARN_BLOCK_CAPTURE_AUTORELEASING = YES;
				CLANG_WARN_BOOL_CONVERSION = YES;
				CLANG_WARN_COMMA = YES;
				CLANG_WARN_CONSTANT_CONVERSION = YES;
				CLANG_WARN_DEPRECATED_OBJC_IMPLEMENTATIONS = YES;
				CLANG_WARN_DIRECT_OBJC_ISA_USAGE = YES_ERROR;
				CLANG_WARN_DOCUMENTATION_COMMENTS = YES;
				CLANG_WARN_EMPTY_BODY = YES;
				CLANG_WARN_ENUM_CONVERSION = YES;
				CLANG_WARN_INFINITE_RECURSION = YES;
				CLANG_WARN_INT_CONVERSION = YES;
				CLANG_WARN_NON_LITERAL_NULL_CONVERSION = YES;
				CLANG_WARN_OBJC_IMPLICIT_RETAIN_SELF = YES;
				CLANG_WARN_OBJC_LITERAL_CONVERSION = YES;
				CLANG_WARN_OBJC_ROOT_CLASS = YES_ERROR;
				CLANG_WARN_QUOTED_INCLUDE_IN_FRAMEWORK_HEADER = YES;
				CLANG_WARN_RANGE_LOOP_ANALYSIS = YES;
				CLANG_WARN_STRICT_PROTOTYPES = YES;
				CLANG_WARN_SUSPICIOUS_MOVE = YES;
				CLANG_WARN_UNGUARDED_AVAILABILITY = YES_AGGRESSIVE;
				CLANG_WARN_UNREACHABLE_CODE = YES;
				CLANG_WARN__DUPLICATE_METHOD_MATCH = YES;
				COPY_PHASE_STRIP = NO;
				DEBUG_INFORMATION_FORMAT = "dwarf-with-dsym";
				DEVELOPMENT_TEAM = TQMND62F2W;
				ENABLE_STRICT_OBJC_MSGSEND = YES;
				ENABLE_TESTABILITY = YES;
				ENABLE_USER_SCRIPT_SANDBOXING = YES;
				GCC_C_LANGUAGE_STANDARD = gnu17;
				GCC_DYNAMIC_NO_PIC = NO;
				GCC_NO_COMMON_BLOCKS = YES;
				GCC_OPTIMIZATION_LEVEL = 0;
				GCC_PREPROCESSOR_DEFINITIONS = (
					"DEBUG=1",
					"$(inherited)",
				);
				GCC_WARN_64_TO_32_BIT_CONVERSION = YES;
				GCC_WARN_ABOUT_RETURN_TYPE = YES_ERROR;
				GCC_WARN_UNDECLARED_SELECTOR = YES;
				GCC_WARN_UNINITIALIZED_AUTOS = YES_AGGRESSIVE;
				GCC_WARN_UNUSED_FUNCTION = YES;
				GCC_WARN_UNUSED_VARIABLE = YES;
				IPHONEOS_DEPLOYMENT_TARGET = 18.1;
				LOCALIZATION_PREFERS_STRING_CATALOGS = YES;
				MTL_ENABLE_DEBUG_INFO = INCLUDE_SOURCE;
				MTL_FAST_MATH = YES;
				NEW_SETTING = "";
				ONLY_ACTIVE_ARCH = YES;
				SDKROOT = iphoneos;
				SWIFT_ACTIVE_COMPILATION_CONDITIONS = "DEBUG $(inherited)";
				SWIFT_OPTIMIZATION_LEVEL = "-Onone";
			};
			name = Debug;
		};
		EA2F9FA12CF406E900B9F454 /* Release */ = {
			isa = XCBuildConfiguration;
			buildSettings = {
				ALWAYS_SEARCH_USER_PATHS = NO;
				ASSETCATALOG_COMPILER_GENERATE_SWIFT_ASSET_SYMBOL_EXTENSIONS = YES;
				CLANG_ANALYZER_NONNULL = YES;
				CLANG_ANALYZER_NUMBER_OBJECT_CONVERSION = YES_AGGRESSIVE;
				CLANG_CXX_LANGUAGE_STANDARD = "gnu++20";
				CLANG_ENABLE_MODULES = YES;
				CLANG_ENABLE_OBJC_ARC = YES;
				CLANG_ENABLE_OBJC_WEAK = YES;
				CLANG_WARN_BLOCK_CAPTURE_AUTORELEASING = YES;
				CLANG_WARN_BOOL_CONVERSION = YES;
				CLANG_WARN_COMMA = YES;
				CLANG_WARN_CONSTANT_CONVERSION = YES;
				CLANG_WARN_DEPRECATED_OBJC_IMPLEMENTATIONS = YES;
				CLANG_WARN_DIRECT_OBJC_ISA_USAGE = YES_ERROR;
				CLANG_WARN_DOCUMENTATION_COMMENTS = YES;
				CLANG_WARN_EMPTY_BODY = YES;
				CLANG_WARN_ENUM_CONVERSION = YES;
				CLANG_WARN_INFINITE_RECURSION = YES;
				CLANG_WARN_INT_CONVERSION = YES;
				CLANG_WARN_NON_LITERAL_NULL_CONVERSION = YES;
				CLANG_WARN_OBJC_IMPLICIT_RETAIN_SELF = YES;
				CLANG_WARN_OBJC_LITERAL_CONVERSION = YES;
				CLANG_WARN_OBJC_ROOT_CLASS = YES_ERROR;
				CLANG_WARN_QUOTED_INCLUDE_IN_FRAMEWORK_HEADER = YES;
				CLANG_WARN_RANGE_LOOP_ANALYSIS = YES;
				CLANG_WARN_STRICT_PROTOTYPES = YES;
				CLANG_WARN_SUSPICIOUS_MOVE = YES;
				CLANG_WARN_UNGUARDED_AVAILABILITY = YES_AGGRESSIVE;
				CLANG_WARN_UNREACHABLE_CODE = YES;
				CLANG_WARN__DUPLICATE_METHOD_MATCH = YES;
				COPY_PHASE_STRIP = NO;
				DEBUG_INFORMATION_FORMAT = "dwarf-with-dsym";
				DEVELOPMENT_TEAM = TQMND62F2W;
				ENABLE_STRICT_OBJC_MSGSEND = YES;
				ENABLE_USER_SCRIPT_SANDBOXING = YES;
				GCC_C_LANGUAGE_STANDARD = gnu17;
				GCC_NO_COMMON_BLOCKS = YES;
				GCC_PREPROCESSOR_DEFINITIONS = "$(inherited)";
				GCC_WARN_64_TO_32_BIT_CONVERSION = YES;
				GCC_WARN_ABOUT_RETURN_TYPE = YES_ERROR;
				GCC_WARN_UNDECLARED_SELECTOR = YES;
				GCC_WARN_UNINITIALIZED_AUTOS = YES_AGGRESSIVE;
				GCC_WARN_UNUSED_FUNCTION = YES;
				GCC_WARN_UNUSED_VARIABLE = YES;
				IPHONEOS_DEPLOYMENT_TARGET = 18.1;
				LOCALIZATION_PREFERS_STRING_CATALOGS = YES;
				MTL_ENABLE_DEBUG_INFO = NO;
				MTL_FAST_MATH = YES;
				NEW_SETTING = "";
				SDKROOT = iphoneos;
				SWIFT_COMPILATION_MODE = wholemodule;
				VALIDATE_PRODUCT = YES;
			};
			name = Release;
		};
		EA2F9FA32CF406E900B9F454 /* Debug */ = {
			isa = XCBuildConfiguration;
			buildSettings = {
				ASSETCATALOG_COMPILER_APPICON_NAME = AppIcon;
				ASSETCATALOG_COMPILER_GLOBAL_ACCENT_COLOR_NAME = AccentColor;
				CODE_SIGN_ENTITLEMENTS = RTSDA.entitlements;
				CODE_SIGN_STYLE = Automatic;
				CURRENT_PROJECT_VERSION = 1;
				DEVELOPMENT_ASSET_PATHS = "\"Preview Content\"";
				ENABLE_PREVIEWS = YES;
				GENERATE_INFOPLIST_FILE = YES;
				INFOPLIST_FILE = Info.plist;
				INFOPLIST_KEY_LSApplicationCategoryType = "public.app-category.reference";
				INFOPLIST_KEY_NSAppleMusicUsageDescription = "Access to media library is used for hymns and worship music during services.";
				INFOPLIST_KEY_NSCalendarsUsageDescription = "We need access to your calendar to add church events that you're interested in attending.";
				INFOPLIST_KEY_NSCameraUsageDescription = "The camera can be used to scan QR codes for event registration or take photos during church events.";
				INFOPLIST_KEY_NSContactsUsageDescription = "Access to contacts allows you to easily share church events with friends and family.";
				INFOPLIST_KEY_NSLocationAlwaysAndWhenInUseUsageDescription = "Your location is used to provide directions to church events and activities.";
				INFOPLIST_KEY_NSLocationWhenInUseUsageDescription = "Your location is used to provide directions to church events and activities.";
				INFOPLIST_KEY_NSMicrophoneUsageDescription = "The microphone is used for live stream audio and voice interactions during online events.";
				INFOPLIST_KEY_NSPhotoLibraryUsageDescription = "Access to your photo library allows you to share photos from church events and save event QR codes.";
				INFOPLIST_KEY_NSRemindersUsageDescription = "Reminders can be set for upcoming church events and activities you're interested in.";
				INFOPLIST_KEY_UIApplicationSupportsIndirectInputEvents = YES;
				INFOPLIST_KEY_UILaunchScreen_Generation = YES;
				INFOPLIST_KEY_UILaunchStoryboardName = LaunchScreen;
				INFOPLIST_KEY_UISupportedInterfaceOrientations = "UIInterfaceOrientationLandscapeLeft UIInterfaceOrientationLandscapeRight UIInterfaceOrientationPortrait";
				INFOPLIST_KEY_UISupportedInterfaceOrientations_iPad = "UIInterfaceOrientationLandscapeLeft UIInterfaceOrientationLandscapeRight UIInterfaceOrientationPortrait UIInterfaceOrientationPortraitUpsideDown";
				IPHONEOS_DEPLOYMENT_TARGET = 17.0;
				LD_RUNPATH_SEARCH_PATHS = (
					"$(inherited)",
					"@executable_path/Frameworks",
				);
				MARKETING_VERSION = 1.2.2;
				PRODUCT_BUNDLE_IDENTIFIER = com.rtsda.appr;
				PRODUCT_NAME = "$(TARGET_NAME)";
				SWIFT_EMIT_LOC_STRINGS = YES;
				SWIFT_VERSION = 5.0;
				SYSTEM_FRAMEWORK_SEARCH_PATHS = "";
				TARGETED_DEVICE_FAMILY = "1,2";
			};
			name = Debug;
		};
		EA2F9FA42CF406E900B9F454 /* Release */ = {
			isa = XCBuildConfiguration;
			buildSettings = {
				ASSETCATALOG_COMPILER_APPICON_NAME = AppIcon;
				ASSETCATALOG_COMPILER_GLOBAL_ACCENT_COLOR_NAME = AccentColor;
				CODE_SIGN_ENTITLEMENTS = RTSDA.entitlements;
				CODE_SIGN_STYLE = Automatic;
				CURRENT_PROJECT_VERSION = 1;
				DEVELOPMENT_ASSET_PATHS = "\"Preview Content\"";
				ENABLE_PREVIEWS = YES;
				GENERATE_INFOPLIST_FILE = YES;
				INFOPLIST_FILE = Info.plist;
				INFOPLIST_KEY_LSApplicationCategoryType = "public.app-category.reference";
				INFOPLIST_KEY_NSAppleMusicUsageDescription = "Access to media library is used for hymns and worship music during services.";
				INFOPLIST_KEY_NSCalendarsUsageDescription = "We need access to your calendar to add church events that you're interested in attending.";
				INFOPLIST_KEY_NSCameraUsageDescription = "The camera can be used to scan QR codes for event registration or take photos during church events.";
				INFOPLIST_KEY_NSContactsUsageDescription = "Access to contacts allows you to easily share church events with friends and family.";
				INFOPLIST_KEY_NSLocationAlwaysAndWhenInUseUsageDescription = "Your location is used to provide directions to church events and activities.";
				INFOPLIST_KEY_NSLocationWhenInUseUsageDescription = "Your location is used to provide directions to church events and activities.";
				INFOPLIST_KEY_NSMicrophoneUsageDescription = "The microphone is used for live stream audio and voice interactions during online events.";
				INFOPLIST_KEY_NSPhotoLibraryUsageDescription = "Access to your photo library allows you to share photos from church events and save event QR codes.";
				INFOPLIST_KEY_NSRemindersUsageDescription = "Reminders can be set for upcoming church events and activities you're interested in.";
				INFOPLIST_KEY_UIApplicationSupportsIndirectInputEvents = YES;
				INFOPLIST_KEY_UILaunchScreen_Generation = YES;
				INFOPLIST_KEY_UILaunchStoryboardName = LaunchScreen;
				INFOPLIST_KEY_UISupportedInterfaceOrientations = "UIInterfaceOrientationLandscapeLeft UIInterfaceOrientationLandscapeRight UIInterfaceOrientationPortrait";
				INFOPLIST_KEY_UISupportedInterfaceOrientations_iPad = "UIInterfaceOrientationLandscapeLeft UIInterfaceOrientationLandscapeRight UIInterfaceOrientationPortrait UIInterfaceOrientationPortraitUpsideDown";
				IPHONEOS_DEPLOYMENT_TARGET = 17.0;
				LD_RUNPATH_SEARCH_PATHS = (
					"$(inherited)",
					"@executable_path/Frameworks",
				);
				MARKETING_VERSION = 1.2.2;
				PRODUCT_BUNDLE_IDENTIFIER = com.rtsda.appr;
				PRODUCT_NAME = "$(TARGET_NAME)";
				SWIFT_EMIT_LOC_STRINGS = YES;
				SWIFT_VERSION = 5.0;
				SYSTEM_FRAMEWORK_SEARCH_PATHS = "";
				TARGETED_DEVICE_FAMILY = "1,2";
			};
			name = Release;
		};
/* End XCBuildConfiguration section */

/* Begin XCConfigurationList section */
		EA2F9F792CF406E800B9F454 /* Build configuration list for PBXProject "RTSDA" */ = {
			isa = XCConfigurationList;
			buildConfigurations = (
				EA2F9FA02CF406E900B9F454 /* Debug */,
				EA2F9FA12CF406E900B9F454 /* Release */,
			);
			defaultConfigurationIsVisible = 0;
			defaultConfigurationName = Release;
		};
		EA2F9FA22CF406E900B9F454 /* Build configuration list for PBXNativeTarget "RTSDA" */ = {
			isa = XCConfigurationList;
			buildConfigurations = (
				EA2F9FA32CF406E900B9F454 /* Debug */,
				EA2F9FA42CF406E900B9F454 /* Release */,
			);
			defaultConfigurationIsVisible = 0;
			defaultConfigurationName = Release;
		};
/* End XCConfigurationList section */
	};
	rootObject = EA2F9F762CF406E800B9F454 /* Project object */;
}
